
Microsoft Visual Studio Solution File, Format Version 12.00
# Visual Studio Version 16
VisualStudioVersion = 16.0.31019.35
MinimumVisualStudioVersion = 10.0.40219.1
Project("{FAE04EC0-301F-11D3-BF4B-00C04F79EFBC}") = "StepTestApplication", "StepTestApplication.csproj", "{EBFEDCE1-693C-43F7-BDE1-AF6ECC4A1E8D}"
EndProject
Global
	GlobalSection(SolutionConfigurationPlatforms) = preSolution
		Debug|Any CPU = Debug|Any CPU
		Release|Any CPU = Release|Any CPU
	EndGlobalSection
	GlobalSection(ProjectConfigurationPlatforms) = postSolution
		{EBFEDCE1-693C-43F7-BDE1-AF6ECC4A1E8D}.Debug|Any CPU.ActiveCfg = Debug|Any CPU
		{EBFEDCE1-693C-43F7-BDE1-AF6ECC4A1E8D}.Debug|Any CPU.Build.0 = Debug|Any CPU
		{EBFEDCE1-693C-43F7-BDE1-AF6ECC4A1E8D}.Release|Any CPU.ActiveCfg = Release|Any CPU
		{EBFEDCE1-693C-43F7-BDE1-AF6ECC4A1E8D}.Release|Any CPU.Build.0 = Release|Any CPU
	EndGlobalSection
	GlobalSection(SolutionProperties) = preSolution
		HideSolutionNode = FALSE
	EndGlobalSection
	GlobalSection(ExtensibilityGlobals) = postSolution
		SolutionGuid = {502AB113-986B-4A7F-8A55-3A70E214E79D}
	EndGlobalSection
EndGlobal
